{
    "name": "com.runningmattress.upm-test-package",
    "version": "0.1.8",
    "lockfileVersion": 2,
    "requires": true,
    "packages": {
        "": {
            "name": "com.runningmattress.upm-test-package",
            "version": "0.1.8",
            "dependencies": {
                "-": "^0.0.1"
            }
        },
        "node_modules/-": {
            "version": "0.0.1",
            "resolved": "https://registry.npmjs.org/-/-/--0.0.1.tgz",
            "integrity": "sha512-3HfneK3DGAm05fpyj20sT3apkNcvPpCuccOThOPdzz8sY7GgQGe0l93XH9bt+YzibcTIgUAIMoyVJI740RtgyQ=="
        }
    },
    "dependencies": {
        "-": {
            "version": "0.0.1",
            "resolved": "https://registry.npmjs.org/-/-/--0.0.1.tgz",
            "integrity": "sha512-3HfneK3DGAm05fpyj20sT3apkNcvPpCuccOThOPdzz8sY7GgQGe0l93XH9bt+YzibcTIgUAIMoyVJI740RtgyQ=="
        }
    }
}
